
Microsoft Visual Studio Solution File, Format Version 12.00
# Visual Studio Version 17
VisualStudioVersion = 17.5.33502.453
MinimumVisualStudioVersion = 10.0.40219.1
Project("{888888A0-9F3D-457C-B088-3A5042F75D52}") = "Olámundo", "Olámundo\Olámundo.pyproj", "{816DD740-D994-4FDC-B010-F5EAC807380A}"
EndProject
Global
	GlobalSection(SolutionConfigurationPlatforms) = preSolution
		Debug|Any CPU = Debug|Any CPU
		Release|Any CPU = Release|Any CPU
	EndGlobalSection
	GlobalSection(ProjectConfigurationPlatforms) = postSolution
		{816DD740-D994-4FDC-B010-F5EAC807380A}.Debug|Any CPU.ActiveCfg = Debug|Any CPU
		{816DD740-D994-4FDC-B010-F5EAC807380A}.Release|Any CPU.ActiveCfg = Release|Any CPU
	EndGlobalSection
	GlobalSection(SolutionProperties) = preSolution
		HideSolutionNode = FALSE
	EndGlobalSection
	GlobalSection(ExtensibilityGlobals) = postSolution
		SolutionGuid = {C1BA138F-59EF-4D89-9A64-06A1E6CCA4CB}
	EndGlobalSection
EndGlobal
